
Microsoft Visual Studio Solution File, Format Version 12.00
# Visual Studio Version 16
VisualStudioVersion = 16.0.30611.23
MinimumVisualStudioVersion = 10.0.40219.1
Project("{FAE04EC0-301F-11D3-BF4B-00C04F79EFBC}") = "ShoppingCartSample.Server", "ShoppingCartSample\Server\ShoppingCartSample.Server.csproj", "{88C20266-F228-4FFE-A1FE-DC9A64FF8776}"
EndProject
Project("{FAE04EC0-301F-11D3-BF4B-00C04F79EFBC}") = "ShoppingCartSample.Client", "ShoppingCartSample\Client\ShoppingCartSample.Client.csproj", "{CA52BB42-3314-485A-98F6-74DC2E3C4124}"
EndProject
Project("{FAE04EC0-301F-11D3-BF4B-00C04F79EFBC}") = "ShoppingCartSample.Shared", "ShoppingCartSample\Shared\ShoppingCartSample.Shared.csproj", "{927067E5-3935-49CB-B211-D8BE9193B049}"
EndProject
Global
	GlobalSection(SolutionConfigurationPlatforms) = preSolution
		Debug|Any CPU = Debug|Any CPU
		Release|Any CPU = Release|Any CPU
	EndGlobalSection
	GlobalSection(ProjectConfigurationPlatforms) = postSolution
		{88C20266-F228-4FFE-A1FE-DC9A64FF8776}.Debug|Any CPU.ActiveCfg = Debug|Any CPU
		{88C20266-F228-4FFE-A1FE-DC9A64FF8776}.Debug|Any CPU.Build.0 = Debug|Any CPU
		{88C20266-F228-4FFE-A1FE-DC9A64FF8776}.Release|Any CPU.ActiveCfg = Release|Any CPU
		{88C20266-F228-4FFE-A1FE-DC9A64FF8776}.Release|Any CPU.Build.0 = Release|Any CPU
		{CA52BB42-3314-485A-98F6-74DC2E3C4124}.Debug|Any CPU.ActiveCfg = Debug|Any CPU
		{CA52BB42-3314-485A-98F6-74DC2E3C4124}.Debug|Any CPU.Build.0 = Debug|Any CPU
		{CA52BB42-3314-485A-98F6-74DC2E3C4124}.Release|Any CPU.ActiveCfg = Release|Any CPU
		{CA52BB42-3314-485A-98F6-74DC2E3C4124}.Release|Any CPU.Build.0 = Release|Any CPU
		{927067E5-3935-49CB-B211-D8BE9193B049}.Debug|Any CPU.ActiveCfg = Debug|Any CPU
		{927067E5-3935-49CB-B211-D8BE9193B049}.Debug|Any CPU.Build.0 = Debug|Any CPU
		{927067E5-3935-49CB-B211-D8BE9193B049}.Release|Any CPU.ActiveCfg = Release|Any CPU
		{927067E5-3935-49CB-B211-D8BE9193B049}.Release|Any CPU.Build.0 = Release|Any CPU
	EndGlobalSection
	GlobalSection(SolutionProperties) = preSolution
		HideSolutionNode = FALSE
	EndGlobalSection
	GlobalSection(ExtensibilityGlobals) = postSolution
		SolutionGuid = {12D44210-0788-41B7-AB2B-ECDA28D8B1DA}
	EndGlobalSection
EndGlobal
